{
  "name": "ai-writing-assistant",
  "version": "0.1.0",
  "lockfileVersion": 3,
  "requires": true,
  "packages": {
    "": {
      "name": "ai-writing-assistant",
      "version": "0.1.0",
      "dependencies": {
        "next": "15.0.0-canary.65",
        "react": "19.0.0-rc.0",
        "react-dom": "19.0.0-rc.0"
      },
      "devDependencies": {
        "@types/node": "^20.11.30",
        "@types/react": "^18.3.3",
        "@types/react-dom": "^18.3.0",
        "eslint": "^8.57.0",
        "eslint-config-next": "15.0.0-canary.65",
        "typescript": "^5.4.5"
      }
    },
    "node_modules/@emnapi/core": {
      "version": "1.6.0",
      "resolved": "https://registry.npmjs.org/@emnapi/core/-/core-1.6.0.tgz",
      "integrity": "sha512-zq/ay+9fNIJJtJiZxdTnXS20PllcYMX3OE23ESc4HK/bdYu3cOWYVhsOhVnXALfU/uqJIxn5NBPd9z4v+SfoSg==",
      "dev": true,
      "license": "MIT",
      "optional": true,
      "dependencies": {
        "@emnapi/wasi-threads": "1.1.0",
        "tslib": "^2.4.0"
      }
    },
    "node_modules/@emnapi/runtime": {
      "version": "1.6.0",
      "resolved": "https://registry.npmjs.org/@emnapi/runtime/-/runtime-1.6.0.tgz",
      "integrity": "sha512-obtUmAHTMjll499P+D9A3axeJFlhdjOWdKUNs/U6QIGT7V5RjcUW1xToAzjvmgTSQhDbYn/NwfTRoJcQ2rNBxA==",
      "license": "MIT",
      "optional": true,
      "dependencies": {
        "tslib": "^2.4.0"
      }
    },
    "node_modules/@emnapi/wasi-threads": {
      "version": "1.1.0",
      "resolved": "https://registry.npmjs.org/@emnapi/wasi-threads/-/wasi-threads-1.1.0.tgz",
      "integrity": "sha512-WI0DdZ8xFSbgMjR1sFsKABJ/C5OnRrjT06JXbZKexJGrDuPTzZdDYfFlsgcCXCyf+suG5QU2e/y1Wo2V/OapLQ==",
      "dev": true,
      "license": "MIT",
      "optional": true,
      "dependencies": {
        "tslib": "^2.4.0"
      }
    },
    "node_modules/@eslint-community/eslint-utils": {
      "version": "4.9.0",
      "resolved": "https://registry.npmjs.org/@eslint-community/eslint-utils/-/eslint-utils-4.9.0.tgz",
      "integrity": "sha512-ayVFHdtZ+hsq1t2Dy24wCmGXGe4q9Gu3smhLYALJrr473ZH27MsnSL+LKUlimp4BWJqMDMLmPpx/Q9R3OAlL4g==",
      "dev": true,
      "license": "MIT",
      "dependencies": {
        "eslint-visitor-keys": "^3.4.3"
      },
      "engines": {
        "node": "^12.22.0 || ^14.17.0 || >=16.0.0"
      },
      "funding": {
        "url": "https://opencollective.com/eslint"
      },
      "peerDependencies": {
        "eslint": "^6.0.0 || ^7.0.0 || >=8.0.0"
      }
    },
    "node_modules/@eslint-community/regexpp": {
      "version": "4.12.2",
      "resolved": "https://registry.npmjs.org/@eslint-community/regexpp/-/regexpp-4.12.2.tgz",
      "integrity": "sha512-EriSTlt5OC9/7SXkRSCAhfSxxoSUgBm33OH+IkwbdpgoqsSsUg7y3uh+IICI/Qg4BBWr3U2i39RpmycbxMq4ew==",
      "dev": true,
      "license": "MIT",
      "engines": {
        "node": "^12.0.0 || ^14.0.0 || >=16.0.0"
      }
    },
    "node_modules/@eslint/eslintrc": {
      "version": "2.1.4",
      "resolved": "https://registry.npmjs.org/@eslint/eslintrc/-/eslintrc-2.1.4.tgz",
      "integrity": "sha512-269Z39MS6wVJtsoUl10L60WdkhJVdPG24Q4eZTH3nnF6lpvSShEK3wQjDX9JRWAUPvPh7COouPpU9IrqaZFvtQ==",
      "dev": true,
      "license": "MIT",
      "dependencies": {
        "ajv": "^6.12.4",
        "debug": "^4.3.2",
        "espree": "^9.6.0",
        "globals": "^13.19.0",
        "ignore": "^5.2.0",
        "import-fresh": "^3.2.1",
        "js-yaml": "^4.1.0",
        "minimatch": "^3.1.2",
        "strip-json-comments": "^3.1.1"
      },
      "engines": {
        "node": "^12.22.0 || ^14.17.0 || >=16.0.0"
      },
      "funding": {
        "url": "https://opencollective.com/eslint"
      }
    },
    "node_modules/@eslint/js": {
      "version": "8.57.1",
      "resolved": "https://registry.npmjs.org/@eslint/js/-/js-8.57.1.tgz",
      "integrity": "sha512-d9zaMRSTIKDLhctzH12MtXvJKSSUhaHcjV+2Z+GK+EEY7XKpP5yR4x+N3TAcHTcu963nIr+TMcCb4DBCYX1z6Q==",
      "dev": true,
      "license": "MIT",
      "engines": {
        "node": "^12.22.0 || ^14.17.0 || >=16.0.0"
      }
    },
    "node_modules/@humanwhocodes/config-array": {
      "version": "0.13.0",
      "resolved": "https://registry.npmjs.org/@humanwhocodes/config-array/-/config-array-0.13.0.tgz",
      "integrity": "sha512-DZLEEqFWQFiyK6h5YIeynKx7JlvCYWL0cImfSRXZ9l4Sg2efkFGTuFf6vzXjK1cq6IYkU+Eg/JizXw+TD2vRNw==",
      "deprecated": "Use @eslint/config-array instead",
      "dev": true,
      "license": "Apache-2.0",
      "dependencies": {
        "@humanwhocodes/object-schema": "^2.0.3",
        "debug": "^4.3.4",
        "minimatch": "^3.1.2"
      }
    },
    "node_modules/@humanwhocodes/object-schema": {
      "version": "2.0.3",
      "resolved": "https://registry.npmjs.org/@humanwhocodes/object-schema/-/object-schema-2.0.3.tgz",
      "integrity": "sha512-93zZL8TWzkkwsCTm1vQ17t6UPfElw86xOGepMVfd8NTfc15y79Kog8KFAdnkt7DV6Xdm3h+9Bt6vKzKgnCvyig==",
      "dev": true,
      "license": "Apache-2.0"
    },
    "node_modules/@next/env": {
      "version": "15.0.0-canary.65",
      "resolved": "https://registry.npmjs.org/@next/env/-/env-15.0.0-canary.65.tgz",
      "integrity": "sha512-ENw4XGhj9dyKlfkXDq4CA7bFPhXErgeMBGBRTdFiiuc0Yhp7L0w3zVKLXIO/euEPHRXkYzkLSFls7fwg0ce2ZA==",
      "license": "MIT"
    },
    "node_modules/@next/eslint-plugin-next": {
      "version": "15.0.0-canary.65",
      "resolved": "https://registry.npmjs.org/@next/eslint-plugin-next/-/eslint-plugin-next-15.0.0-canary.65.tgz",
      "integrity": "sha512-dKhqq0Mper0nA7qGLa+qadWuPdZ0Q+tVCEM7FSs2M6BsJhM1wGulW6//JI82yu6KXIMPclQNd1YlLorGui2IbA==",
      "dev": true,
      "license": "MIT"
    },
    "node_modules/@next/swc-darwin-arm64": {
      "version": "15.0.0-canary.65",
      "resolved": "https://registry.npmjs.org/@next/swc-darwin-arm64/-/swc-darwin-arm64-15.0.0-canary.65.tgz",
      "integrity": "sha512-aMOT57plt0Km+6fNn9JAarepZWAq8d0q7Z3dmGXqF1g0jYMq7P5/7ArsNZSQcyJvCLsjZMDlB9bLGupYAC75TA==",
      "cpu": [
        "arm64"
      ],
      "dev": true,
      "license": "MIT",
      "optional": true,
      "os": [
        "darwin"
      ],
      "engines": {
        "node": "^18.18.0 || ^19.8.0 || ^20.4.0 || >=21.0.0"
      }
    },
    "node_modules/@next/swc-darwin-x64": {
      "version": "15.0.0-canary.65",
      "resolved": "https://registry.npmjs.org/@next/swc-darwin-x64/-/swc-darwin-x64-15.0.0-canary.65.tgz",
      "integrity": "sha512-eoi44dsgke5gYg9TbAvS7DElS+ylzssC2Jb+wyePXmU+aAL2jacHt6HbKmdLGAMFQWKaemQPT9cgSkszINiuGA==",
      "cpu": [
        "x64"
      ],
      "dev": true,
      "license": "MIT",
      "optional": true,
      "os": [
        "darwin"
      ],
      "engines": {
        "node": "^18.18.0 || ^19.8.0 || ^20.4.0 || >=21.0.0"
      }
    },
    "node_modules/@next/swc-linux-arm64-gnu": {
      "version": "15.0.0-canary.65",
      "resolved": "https://registry.npmjs.org/@next/swc-linux-arm64-gnu/-/swc-linux-arm64-gnu-15.0.0-canary.65.tgz",
      "integrity": "sha512-k3+r8ykFpV/7QeBPql5NhWS4JoarOQ3oGeXUMPY48a+G5OfxbV4xGetk9LMxGU5XnKwSJHAsx9FrzWVnI5h0Lw==",
      "cpu": [
        "arm64"
      ],
      "dev": true,
      "license": "MIT",
      "optional": true,
      "os": [
        "linux"
      ],
      "engines": {
        "node": "^18.18.0 || ^19.8.0 || ^20.4.0 || >=21.0.0"
      }
    },
    "node_modules/@next/swc-linux-arm64-musl": {
      "version": "15.0.0-canary.65",
      "resolved": "https://registry.npmjs.org/@next/swc-linux-arm64-musl/-/swc-linux-arm64-musl-15.0.0-canary.65.tgz",
      "integrity": "sha512-rpgQh8sb6+VZOVGfM81ZMZ1V8C7rgWX2xT213RK6vyzLo5F12EzuCAToWeMZ3tV7vbe4RHK91Tks3Rsr7irrVA==",
      "cpu": [
        "arm64"
      ],
      "dev": true,
      "license": "MIT",
      "optional": true,
      "os": [
        "linux"
      ],
      "engines": {
        "node": "^18.18.0 || ^19.8.0 || ^20.4.0 || >=21.0.0"
      }
    },
    "node_modules/@next/swc-linux-x64-gnu": {
      "version": "15.0.0-canary.65",
      "resolved": "https://registry.npmjs.org/@next/swc-linux-x64-gnu/-/swc-linux-x64-gnu-15.0.0-canary.65.tgz",
      "integrity": "sha512-TjGhH6CZZDjjaYwG+gps/Yzp/BuLBRlyDKx6IBQ21smOQMtNJZJL7i9fmOYwez+yWH4E3l4dHg3gbWpEUKjgxQ==",
      "cpu": [
        "x64"
      ],
      "dev": true,
      "license": "MIT",
      "optional": true,
      "os": [
        "linux"
      ],
      "engines": {
        "node": "^18.18.0 || ^19.8.0 || ^20.4.0 || >=21.0.0"
      }
    },
    "node_modules/@next/swc-linux-x64-musl": {
      "version": "15.0.0-canary.65",
      "resolved": "https://registry.npmjs.org/@next/swc-linux-x64-musl/-/swc-linux-x64-musl-15.0.0-canary.65.tgz",
      "integrity": "sha512-j7vYpWD0cHDgUVoahhYrxFo9iR0t7vzBl+h+KU90hpreVZfdgxt6Q3Zup6pIhm+zvu4F4lweUkv6A3k3boNfHA==",
      "cpu": [
        "x64"
      ],
      "dev": true,
      "license": "MIT",
      "optional": true,
      "os": [
        "linux"
      ],
      "engines": {
        "node": "^18.18.0 || ^19.8.0 || ^20.4.0 || >=21.0.0"
      }
    },
    "node_modules/@next/swc-win32-arm64-msvc": {
      "version": "15.0.0-canary.65",
      "resolved": "https://registry.npmjs.org/@next/swc-win32-arm64-msvc/-/swc-win32-arm64-msvc-15.0.0-canary.65.tgz",
      "integrity": "sha512-/3IVPvj27U5cAu3iVuLgIcz8BEQbOyTnGa+oLKm97L9pRLGV8TRj+AAziEHgnHsm8/WRgnsPoLRWl5HhRer6Zg==",
      "cpu": [
        "arm64"
      ],
      "dev": true,
      "license": "MIT",
      "optional": true,
      "os": [
        "win32"
      ],
      "engines": {
        "node": "^18.18.0 || ^19.8.0 || ^20.4.0 || >=21.0.0"
      }
    },
    "node_modules/@next/swc-win32-ia32-msvc": {
      "version": "15.0.0-canary.65",
      "resolved": "https://registry.npmjs.org/@next/swc-win32-ia32-msvc/-/swc-win32-ia32-msvc-15.0.0-canary.65.tgz",
      "integrity": "sha512-ee3OvYwurP6QS/KpmjM03xhn0rB3H83t8LmDckW4fY4ODDPJ+eHQ86TNocxhCoge/86YCT3DYgrNrLCE2hPxEw==",
      "cpu": [
        "ia32"
      ],
      "dev": true,
      "license": "MIT",
      "optional": true,
      "os": [
        "win32"
      ],
      "engines": {
        "node": "^18.18.0 || ^19.8.0 || ^20.4.0 || >=21.0.0"
      }
    },
    "node_modules/@next/swc-win32-x64-msvc": {
      "version": "15.0.0-canary.65",
      "resolved": "https://registry.npmjs.org/@next/swc-win32-x64-msvc/-/swc-win32-x64-msvc-15.0.0-canary.65.tgz",
      "integrity": "sha512-E2HqSlIxynpFOsp8b-/Ux5/Hn9+t04+mQt5oN3MDK3HyE9HZygyXY8Ll4Nd2ufXi5r6AaDg9/HJUttkVnUNgPw==",
      "cpu": [
        "x64"
      ],
      "dev": true,
      "license": "MIT",
      "optional": true,
      "os": [
        "win32"
      ],
      "engines": {
        "node": "^18.18.0 || ^19.8.0 || ^20.4.0 || >=21.0.0"
      }
    },
    "node_modules/@swc/helpers": {
      "version": "0.5.13",
      "resolved": "https://registry.npmjs.org/@swc/helpers/-/helpers-0.5.13.tgz",
      "integrity": "sha512-VOt0lQCXtZ/rDG3pO3gC6TTZ8T68ueXUrGzFUGvd+RMDIg8Yr9Rq43pdiJV1LGq0CLwTg5fxHYtl/jGCPjL9jA==",
      "license": "Apache-2.0",
      "dependencies": {
        "tslib": "^2.6.2"
      }
    },
    "node_modules/@types/node": {
      "version": "20.16.11",
      "resolved": "https://registry.npmjs.org/@types/node/-/node-20.16.11.tgz",
      "integrity": "sha512-Zn+jrclcMyUyZEWn5/9xei1PAxBdD4PqsZxwwQ/0wFm1zR90uzrvXJUX5RColcXu1wI/wzTqncF+bzZDlzv9qA==",
      "dev": true,
      "license": "MIT",
      "dependencies": {
        "undici-types": "~6.19.2"
      }
    },
    "node_modules/@types/prop-types": {
      "version": "15.7.13",
      "resolved": "https://registry.npmjs.org/@types/prop-types/-/prop-types-15.7.13.tgz",
      "integrity": "sha512-hCZTSvwbzWGvhqAVdFrSjm1SNUr6O0hNnmjquZfHIvSbGTXL/QFDpLb+VLRjGO6bHeRhRvF4iocnr9ZSyfF7UQ==",
      "dev": true,
      "license": "MIT"
    },
    "node_modules/@types/react": {
      "version": "18.3.11",
      "resolved": "https://registry.npmjs.org/@types/react/-/react-18.3.11.tgz",
      "integrity": "sha512-l+GdCTS7F5CpKrF1ps5C8xzpDttPW3fA2IIgQPpuH2mh1U86Y2XFNP2CaTxn0+2Y2jTpg+XDdcfnVqV1E70uqA==",
      "dev": true,
      "license": "MIT",
      "dependencies": {
        "@types/prop-types": "*",
        "csstype": "^3.0.2"
      }
    },
    "node_modules/@types/react-dom": {
      "version": "18.3.0",
      "resolved": "https://registry.npmjs.org/@types/react-dom/-/react-dom-18.3.0.tgz",
      "integrity": "sha512-EWhA5EUhKWUaDZO0P74KDfAAfEfGwZS0jGwbTVGL/jVDwC1b6346eQQ10pR2JIrXI5TTa+Evv1teQfQWwyQp6w==",
      "dev": true,
      "license": "MIT",
      "dependencies": {
        "@types/react": "*"
      }
    },
    "node_modules/@types/scheduler": {
      "version": "0.16.8",
      "resolved": "https://registry.npmjs.org/@types/scheduler/-/scheduler-0.16.8.tgz",
      "integrity": "sha512-W86bLToZtOb1/MaWwoJhxiRXbPLdHbRj4+kh1bjw7EDQhva8mlZMCKGHq+lJ4PWf0Qymu3mPReMbRC0OJP+j8Q==",
      "dev": true,
      "license": "MIT"
    },
    "node_modules/ajv": {
      "version": "6.12.6",
      "resolved": "https://registry.npmjs.org/ajv/-/ajv-6.12.6.tgz",
      "integrity": "sha512-j3fVLgvTo527anyYyJOGTYJbG0Q1cBeCI3awNBXEznr+WeNQSj3D+1fyqvRd0DvBRAPbQOun7nVxIJ3yhG22Hg==",
      "dev": true,
      "license": "MIT",
      "dependencies": {
        "fast-deep-equal": "^3.1.1",
        "fast-json-stable-stringify": "^2.0.0",
        "json-schema-traverse": "^0.4.1"
      }
    }}}
